
Microsoft Visual Studio Solution File, Format Version 12.00
# Visual Studio Version 16
VisualStudioVersion = 16.0.30804.86
MinimumVisualStudioVersion = 10.0.40219.1
Project("{FAE04EC0-301F-11D3-BF4B-00C04F79EFBC}") = "FileSearch", "FileSearch\FileSearch.csproj", "{FE607C61-2B64-4CCA-AC54-B79DB31ECE6C}"
EndProject
Global
	GlobalSection(SolutionConfigurationPlatforms) = preSolution
		Debug|Any CPU = Debug|Any CPU
		Release|Any CPU = Release|Any CPU
	EndGlobalSection
	GlobalSection(ProjectConfigurationPlatforms) = postSolution
		{FE607C61-2B64-4CCA-AC54-B79DB31ECE6C}.Debug|Any CPU.ActiveCfg = Debug|Any CPU
		{FE607C61-2B64-4CCA-AC54-B79DB31ECE6C}.Debug|Any CPU.Build.0 = Debug|Any CPU
		{FE607C61-2B64-4CCA-AC54-B79DB31ECE6C}.Release|Any CPU.ActiveCfg = Release|Any CPU
		{FE607C61-2B64-4CCA-AC54-B79DB31ECE6C}.Release|Any CPU.Build.0 = Release|Any CPU
	EndGlobalSection
	GlobalSection(SolutionProperties) = preSolution
		HideSolutionNode = FALSE
	EndGlobalSection
	GlobalSection(ExtensibilityGlobals) = postSolution
		SolutionGuid = {FAFD4ED6-6649-41A0-B719-CC223E69EADE}
	EndGlobalSection
EndGlobal
